// !$*UTF8*$!
{
	archiveVersion = 1;
	classes = {
	};
	objectVersion = 48;
	objects = {

/* Begin PBXBuildFile section */
		3002A72E1FC5A41700E8D4AF /* AppDelegate.swift in Sources */ = {isa = PBXBuildFile; fileRef = 3002A72D1FC5A41700E8D4AF /* AppDelegate.swift */; };
		3002A7301FC5A41700E8D4AF /* ViewController.swift in Sources */ = {isa = PBXBuildFile; fileRef = 3002A72F1FC5A41700E8D4AF /* ViewController.swift */; };
		3002A7331FC5A41700E8D4AF /* Main.storyboard in Resources */ = {isa = PBXBuildFile; fileRef = 3002A7311FC5A41700E8D4AF /* Main.storyboard */; };
		3002A7351FC5A41700E8D4AF /* Assets.xcassets in Resources */ = {isa = PBXBuildFile; fileRef = 3002A7341FC5A41700E8D4AF /* Assets.xcassets */; };
		3002A7381FC5A41700E8D4AF /* LaunchScreen.storyboard in Resources */ = {isa = PBXBuildFile; fileRef = 3002A7361FC5A41700E8D4AF /* LaunchScreen.storyboard */; };
		3002A7431FC5A41700E8D4AF /* CI_DemoTests.swift in Sources */ = {isa = PBXBuildFile; fileRef = 3002A7421FC5A41700E8D4AF /* CI_DemoTests.swift */; };
		3002A74E1FC5A41700E8D4AF /* CI_DemoUITests.swift in Sources */ = {isa = PBXBuildFile; fileRef = 3002A74D1FC5A41700E8D4AF /* CI_DemoUITests.swift */; };
/* End PBXBuildFile section */

/* Begin PBXContainerItemProxy section */
		3002A73F1FC5A41700E8D4AF /* PBXContainerItemProxy */ = {
			isa = PBXContainerItemProxy;
			containerPortal = 3002A7221FC5A41700E8D4AF /* Project object */;
			proxyType = 1;
			remoteGlobalIDString = 3002A7291FC5A41700E8D4AF;
			remoteInfo = "CI Demo";
		};
		3002A74A1FC5A41700E8D4AF /* PBXContainerItemProxy */ = {
			isa = PBXContainerItemProxy;
			containerPortal = 3002A7221FC5A41700E8D4AF /* Project object */;
			proxyType = 1;
			remoteGlobalIDString = 3002A7291FC5A41700E8D4AF;
			remoteInfo = "CI Demo";
		};
/* End PBXContainerItemProxy section */

/* Begin PBXFileReference section */
		3002A72A1FC5A41700E8D4AF /* CI Demo.app */ = {isa = PBXFileReference; explicitFileType = wrapper.application; includeInIndex = 0; path = "CI Demo.app"; sourceTree = BUILT_PRODUCTS_DIR; };
		3002A72D1FC5A41700E8D4AF /* AppDelegate.swift */ = {isa = PBXFileReference; lastKnownFileType = sourcecode.swift; path = AppDelegate.swift; sourceTree = "<group>"; };
		3002A72F1FC5A41700E8D4AF /* ViewController.swift */ = {isa = PBXFileReference; lastKnownFileType = sourcecode.swift; path = ViewController.swift; sourceTree = "<group>"; };
		3002A7321FC5A41700E8D4AF /* Base */ = {isa = PBXFileReference; lastKnownFileType = file.storyboard; name = Base; path = Base.lproj/Main.storyboard; sourceTree = "<group>"; };
		3002A7341FC5A41700E8D4AF /* Assets.xcassets */ = {isa = PBXFileReference; lastKnownFileType = folder.assetcatalog; path = Assets.xcassets; sourceTree = "<group>"; };
		3002A7371FC5A41700E8D4AF /* Base */ = {isa = PBXFileReference; lastKnownFileType = file.storyboard; name = Base; path = Base.lproj/LaunchScreen.storyboard; sourceTree = "<group>"; };
		3002A7391FC5A41700E8D4AF /* Info.plist */ = {isa = PBXFileReference; lastKnownFileType = text.plist.xml; path = Info.plist; sourceTree = "<group>"; };
		3002A73E1FC5A41700E8D4AF /* CI DemoTests.xctest */ = {isa = PBXFileReference; explicitFileType = wrapper.cfbundle; includeInIndex = 0; path = "CI DemoTests.xctest"; sourceTree = BUILT_PRODUCTS_DIR; };
		3002A7421FC5A41700E8D4AF /* CI_DemoTests.swift */ = {isa = PBXFileReference; lastKnownFileType = sourcecode.swift; path = CI_DemoTests.swift; sourceTree = "<group>"; };
		3002A7441FC5A41700E8D4AF /* Info.plist */ = {isa = PBXFileReference; lastKnownFileType = text.plist.xml; path = Info.plist; sourceTree = "<group>"; };
		3002A7491FC5A41700E8D4AF /* CI DemoUITests.xctest */ = {isa = PBXFileReference; explicitFileType = wrapper.cfbundle; includeInIndex = 0; path = "CI DemoUITests.xctest"; sourceTree = BUILT_PRODUCTS_DIR; };
		3002A74D1FC5A41700E8D4AF /* CI_DemoUITests.swift */ = {isa = PBXFileReference; lastKnownFileType = sourcecode.swift; path = CI_DemoUITests.swift; sourceTree = "<group>"; };
		3002A74F1FC5A41700E8D4AF /* Info.plist */ = {isa = PBXFileReference; lastKnownFileType = text.plist.xml; path = Info.plist; sourceTree = "<group>"; };
/* End PBXFileReference section */

/* Begin PBXFrameworksBuildPhase section */
		3002A7271FC5A41700E8D4AF /* Frameworks */ = {
			isa = PBXFrameworksBuildPhase;
			buildActionMask = 2147483647;
			files = (
			);
			runOnlyForDeploymentPostprocessing = 0;
		};
		3002A73B1FC5A41700E8D4AF /* Frameworks */ = {
			isa = PBXFrameworksBuildPhase;
			buildActionMask = 2147483647;
			files = (
			);
			runOnlyForDeploymentPostprocessing = 0;
		};
		3002A7461FC5A41700E8D4AF /* Frameworks */ = {
			isa = PBXFrameworksBuildPhase;
			buildActionMask = 2147483647;
			files = (
			);
			runOnlyForDeploymentPostprocessing = 0;
		};
/* End PBXFrameworksBuildPhase section */

/* Begin PBXGroup section */
		3002A7211FC5A41700E8D4AF = {
			isa = PBXGroup;
			children = (
				3002A72C1FC5A41700E8D4AF /* CI Demo */,
				3002A7411FC5A41700E8D4AF /* CI DemoTests */,
				3002A74C1FC5A41700E8D4AF /* CI DemoUITests */,
				3002A72B1FC5A41700E8D4AF /* Products */,
			);
			sourceTree = "<group>";
		};
		3002A72B1FC5A41700E8D4AF /* Products */ = {
			isa = PBXGroup;
			children = (
				3002A72A1FC5A41700E8D4AF /* CI Demo.app */,
				3002A73E1FC5A41700E8D4AF /* CI DemoTests.xctest */,
				3002A7491FC5A41700E8D4AF /* CI DemoUITests.xctest */,
			);
			name = Products;
			sourceTree = "<group>";
		};
		3002A72C1FC5A41700E8D4AF /* CI Demo */ = {
			isa = PBXGroup;
			children = (
				3002A72D1FC5A41700E8D4AF /* AppDelegate.swift */,
				3002A72F1FC5A41700E8D4AF /* ViewController.swift */,
				3002A7311FC5A41700E8D4AF /* Main.storyboard */,
				3002A7341FC5A41700E8D4AF /* Assets.xcassets */,
				3002A7361FC5A41700E8D4AF /* LaunchScreen.storyboard */,
				3002A7391FC5A41700E8D4AF /* Info.plist */,
			);
			path = "CI Demo";
			sourceTree = "<group>";
		};
		3002A7411FC5A41700E8D4AF /* CI DemoTests */ = {
			isa = PBXGroup;
			children = (
				3002A7421FC5A41700E8D4AF /* CI_DemoTests.swift */,
				3002A7441FC5A41700E8D4AF /* Info.plist */,
			);
			path = "CI DemoTests";
			sourceTree = "<group>";
		};
		3002A74C1FC5A41700E8D4AF /* CI DemoUITests */ = {
			isa = PBXGroup;
			children = (
				3002A74D1FC5A41700E8D4AF /* CI_DemoUITests.swift */,
				3002A74F1FC5A41700E8D4AF /* Info.plist */,
			);
			path = "CI DemoUITests";
			sourceTree = "<group>";
		};
/* End PBXGroup section */

/* Begin PBXNativeTarget section */
		3002A7291FC5A41700E8D4AF /* CI Demo */ = {
			isa = PBXNativeTarget;
			buildConfigurationList = 3002A7521FC5A41700E8D4AF /* Build configuration list for PBXNativeTarget "CI Demo" */;
			buildPhases = (
				3002A7261FC5A41700E8D4AF /* Sources */,
				3002A7271FC5A41700E8D4AF /* Frameworks */,
				3002A7281FC5A41700E8D4AF /* Resources */,
			);
			buildRules = (
			);
			dependencies = (
			);
			name = "CI Demo";
			productName = "CI Demo";
			productReference = 3002A72A1FC5A41700E8D4AF /* CI Demo.app */;
			productType = "com.apple.product-type.application";
		};
		3002A73D1FC5A41700E8D4AF /* CI DemoTests */ = {
			isa = PBXNativeTarget;
			buildConfigurationList = 3002A7551FC5A41700E8D4AF /* Build configuration list for PBXNativeTarget "CI DemoTests" */;
			buildPhases = (
				3002A73A1FC5A41700E8D4AF /* Sources */,
				3002A73B1FC5A41700E8D4AF /* Frameworks */,
				3002A73C1FC5A41700E8D4AF /* Resources */,
			);
			buildRules = (
			);
			dependencies = (
				3002A7401FC5A41700E8D4AF /* PBXTargetDependency */,
			);
			name = "CI DemoTests";
			productName = "CI DemoTests";
			productReference = 3002A73E1FC5A41700E8D4AF /* CI DemoTests.xctest */;
			productType = "com.apple.product-type.bundle.unit-test";
		};
		3002A7481FC5A41700E8D4AF /* CI DemoUITests */ = {
			isa = PBXNativeTarget;
			buildConfigurationList = 3002A7581FC5A41700E8D4AF /* Build configuration list for PBXNativeTarget "CI DemoUITests" */;
			buildPhases = (
				3002A7451FC5A41700E8D4AF /* Sources */,
				3002A7461FC5A41700E8D4AF /* Frameworks */,
				3002A7471FC5A41700E8D4AF /* Resources */,
			);
			buildRules = (
			);
			dependencies = (
				3002A74B1FC5A41700E8D4AF /* PBXTargetDependency */,
			);
			name = "CI DemoUITests";
			productName = "CI DemoUITests";
			productReference = 3002A7491FC5A41700E8D4AF /* CI DemoUITests.xctest */;
			productType = "com.apple.product-type.bundle.ui-testing";
		};
/* End PBXNativeTarget section */

/* Begin PBXProject section */
		3002A7221FC5A41700E8D4AF /* Project object */ = {
			isa = PBXProject;
			attributes = {
				LastSwiftUpdateCheck = 0900;
				LastUpgradeCheck = 0900;
				ORGANIZATIONNAME = ucreate;
				TargetAttributes = {
					3002A7291FC5A41700E8D4AF = {
						CreatedOnToolsVersion = 9.0;
						ProvisioningStyle = Automatic;
					};
					3002A73D1FC5A41700E8D4AF = {
						CreatedOnToolsVersion = 9.0;
						ProvisioningStyle = Automatic;
						TestTargetID = 3002A7291FC5A41700E8D4AF;
					};
					3002A7481FC5A41700E8D4AF = {
						CreatedOnToolsVersion = 9.0;
						ProvisioningStyle = Automatic;
						TestTargetID = 3002A7291FC5A41700E8D4AF;
					};
				};
			};
			buildConfigurationList = 3002A7251FC5A41700E8D4AF /* Build configuration list for PBXProject "CI Demo" */;
			compatibilityVersion = "Xcode 8.0";
			developmentRegion = en;
			hasScannedForEncodings = 0;
			knownRegions = (
				en,
				Base,
			);
			mainGroup = 3002A7211FC5A41700E8D4AF;
			productRefGroup = 3002A72B1FC5A41700E8D4AF /* Products */;
			projectDirPath = "";
			projectRoot = "";
			targets = (
				3002A7291FC5A41700E8D4AF /* CI Demo */,
				3002A73D1FC5A41700E8D4AF /* CI DemoTests */,
				3002A7481FC5A41700E8D4AF /* CI DemoUITests */,
			);
		};
/* End PBXProject section */

/* Begin PBXResourcesBuildPhase section */
		3002A7281FC5A41700E8D4AF /* Resources */ = {
			isa = PBXResourcesBuildPhase;
			buildActionMask = 2147483647;
			files = (
				3002A7381FC5A41700E8D4AF /* LaunchScreen.storyboard in Resources */,
				3002A7351FC5A41700E8D4AF /* Assets.xcassets in Resources */,
				3002A7331FC5A41700E8D4AF /* Main.storyboard in Resources */,
			);
			runOnlyForDeploymentPostprocessing = 0;
		};
		3002A73C1FC5A41700E8D4AF /* Resources */ = {
			isa = PBXResourcesBuildPhase;
			buildActionMask = 2147483647;
			files = (
			);
			runOnlyForDeploymentPostprocessing = 0;
		};
		3002A7471FC5A41700E8D4AF /* Resources */ = {
			isa = PBXResourcesBuildPhase;
			buildActionMask = 2147483647;
			files = (
			);
			runOnlyForDeploymentPostprocessing = 0;
		};
/* End PBXResourcesBuildPhase section */

/* Begin PBXSourcesBuildPhase section */
		3002A7261FC5A41700E8D4AF /* Sources */ = {
			isa = PBXSourcesBuildPhase;
			buildActionMask = 2147483647;
			files = (
				3002A7301FC5A41700E8D4AF /* ViewController.swift in Sources */,
				3002A72E1FC5A41700E8D4AF /* AppDelegate.swift in Sources */,
			);
			runOnlyForDeploymentPostprocessing = 0;
		};
		3002A73A1FC5A41700E8D4AF /* Sources */ = {
			isa = PBXSourcesBuildPhase;
			buildActionMask = 2147483647;
			files = (
				3002A7431FC5A41700E8D4AF /* CI_DemoTests.swift in Sources */,
			);
			runOnlyForDeploymentPostprocessing = 0;
		};
		3002A7451FC5A41700E8D4AF /* Sources */ = {
			isa = PBXSourcesBuildPhase;
			buildActionMask = 2147483647;
			files = (
				3002A74E1FC5A41700E8D4AF /* CI_DemoUITests.swift in Sources */,
			);
			runOnlyForDeploymentPostprocessing = 0;
		};
/* End PBXSourcesBuildPhase section */

/* Begin PBXTargetDependency section */
		3002A7401FC5A41700E8D4AF /* PBXTargetDependency */ = {
			isa = PBXTargetDependency;
			target = 3002A7291FC5A41700E8D4AF /* CI Demo */;
			targetProxy = 3002A73F1FC5A41700E8D4AF /* PBXContainerItemProxy */;
		};
		3002A74B1FC5A41700E8D4AF /* PBXTargetDependency */ = {
			isa = PBXTargetDependency;
			target = 3002A7291FC5A41700E8D4AF /* CI Demo */;
			targetProxy = 3002A74A1FC5A41700E8D4AF /* PBXContainerItemProxy */;
		};
/* End PBXTargetDependency section */

/* Begin PBXVariantGroup section */
		3002A7311FC5A41700E8D4AF /* Main.storyboard */ = {
			isa = PBXVariantGroup;
			children = (
				3002A7321FC5A41700E8D4AF /* Base */,
			);
			name = Main.storyboard;
			sourceTree = "<group>";
		};
		3002A7361FC5A41700E8D4AF /* LaunchScreen.storyboard */ = {
			isa = PBXVariantGroup;
			children = (
				3002A7371FC5A41700E8D4AF /* Base */,
			);
			name = LaunchScreen.storyboard;
			sourceTree = "<group>";
		};
/* End PBXVariantGroup section */

/* Begin XCBuildConfiguration section */
		3002A7501FC5A41700E8D4AF /* Debug */ = {
			isa = XCBuildConfiguration;
			buildSettings = {
				ALWAYS_SEARCH_USER_PATHS = NO;
				CLANG_ANALYZER_NONNULL = YES;
				CLANG_ANALYZER_NUMBER_OBJECT_CONVERSION = YES_AGGRESSIVE;
				CLANG_CXX_LANGUAGE_STANDARD = "gnu++14";
				CLANG_CXX_LIBRARY = "libc++";
				CLANG_ENABLE_MODULES = YES;
				CLANG_ENABLE_OBJC_ARC = YES;
				CLANG_WARN_BLOCK_CAPTURE_AUTORELEASING = YES;
				CLANG_WARN_BOOL_CONVERSION = YES;
				CLANG_WARN_COMMA = YES;
				CLANG_WARN_CONSTANT_CONVERSION = YES;
				CLANG_WARN_DIRECT_OBJC_ISA_USAGE = YES_ERROR;
				CLANG_WARN_DOCUMENTATION_COMMENTS = YES;
				CLANG_WARN_EMPTY_BODY = YES;
				CLANG_WARN_ENUM_CONVERSION = YES;
				CLANG_WARN_INFINITE_RECURSION = YES;
				CLANG_WARN_INT_CONVERSION = YES;
				CLANG_WARN_NON_LITERAL_NULL_CONVERSION = YES;
				CLANG_WARN_OBJC_LITERAL_CONVERSION = YES;
				CLANG_WARN_OBJC_ROOT_CLASS = YES_ERROR;
				CLANG_WARN_RANGE_LOOP_ANALYSIS = YES;
				CLANG_WARN_STRICT_PROTOTYPES = YES;
				CLANG_WARN_SUSPICIOUS_MOVE = YES;
				CLANG_WARN_UNGUARDED_AVAILABILITY = YES_AGGRESSIVE;
				CLANG_WARN_UNREACHABLE_CODE = YES;
				CLANG_WARN__DUPLICATE_METHOD_MATCH = YES;
				CODE_SIGN_IDENTITY = "iPhone Developer";
				COPY_PHASE_STRIP = NO;
				DEBUG_INFORMATION_FORMAT = dwarf;
				ENABLE_STRICT_OBJC_MSGSEND = YES;
				ENABLE_TESTABILITY = YES;
				GCC_C_LANGUAGE_STANDARD = gnu11;
				GCC_DYNAMIC_NO_PIC = NO;
				GCC_NO_COMMON_BLOCKS = YES;
				GCC_OPTIMIZATION_LEVEL = 0;
				GCC_PREPROCESSOR_DEFINITIONS = (
					"DEBUG=1",
					"$(inherited)",
				);
				GCC_WARN_64_TO_32_BIT_CONVERSION = YES;
				GCC_WARN_ABOUT_RETURN_TYPE = YES_ERROR;
				GCC_WARN_UNDECLARED_SELECTOR = YES;
				GCC_WARN_UNINITIALIZED_AUTOS = YES_AGGRESSIVE;
				GCC_WARN_UNUSED_FUNCTION = YES;
				GCC_WARN_UNUSED_VARIABLE = YES;
				IPHONEOS_DEPLOYMENT_TARGET = 11.0;
				MTL_ENABLE_DEBUG_INFO = YES;
				ONLY_ACTIVE_ARCH = YES;
				SDKROOT = iphoneos;
				SWIFT_ACTIVE_COMPILATION_CONDITIONS = DEBUG;
				SWIFT_OPTIMIZATION_LEVEL = "-Onone";
			};
			name = Debug;
		};
		3002A7511FC5A41700E8D4AF /* Release */ = {
			isa = XCBuildConfiguration;
			buildSettings = {
				ALWAYS_SEARCH_USER_PATHS = NO;
				CLANG_ANALYZER_NONNULL = YES;
				CLANG_ANALYZER_NUMBER_OBJECT_CONVERSION = YES_AGGRESSIVE;
				CLANG_CXX_LANGUAGE_STANDARD = "gnu++14";
				CLANG_CXX_LIBRARY = "libc++";
				CLANG_ENABLE_MODULES = YES;
				CLANG_ENABLE_OBJC_ARC = YES;
				CLANG_WARN_BLOCK_CAPTURE_AUTORELEASING = YES;
				CLANG_WARN_BOOL_CONVERSION = YES;
				CLANG_WARN_COMMA = YES;
				CLANG_WARN_CONSTANT_CONVERSION = YES;
				CLANG_WARN_DIRECT_OBJC_ISA_USAGE = YES_ERROR;
				CLANG_WARN_DOCUMENTATION_COMMENTS = YES;
				CLANG_WARN_EMPTY_BODY = YES;
				CLANG_WARN_ENUM_CONVERSION = YES;
				CLANG_WARN_INFINITE_RECURSION = YES;
				CLANG_WARN_INT_CONVERSION = YES;
				CLANG_WARN_NON_LITERAL_NULL_CONVERSION = YES;
				CLANG_WARN_OBJC_LITERAL_CONVERSION = YES;
				CLANG_WARN_OBJC_ROOT_CLASS = YES_ERROR;
				CLANG_WARN_RANGE_LOOP_ANALYSIS = YES;
				CLANG_WARN_STRICT_PROTOTYPES = YES;
				CLANG_WARN_SUSPICIOUS_MOVE = YES;
				CLANG_WARN_UNGUARDED_AVAILABILITY = YES_AGGRESSIVE;
				CLANG_WARN_UNREACHABLE_CODE = YES;
				CLANG_WARN__DUPLICATE_METHOD_MATCH = YES;
				CODE_SIGN_IDENTITY = "iPhone Developer";
				COPY_PHASE_STRIP = NO;
				DEBUG_INFORMATION_FORMAT = "dwarf-with-dsym";
				ENABLE_NS_ASSERTIONS = NO;
				ENABLE_STRICT_OBJC_MSGSEND = YES;
				GCC_C_LANGUAGE_STANDARD = gnu11;
				GCC_NO_COMMON_BLOCKS = YES;
				GCC_WARN_64_TO_32_BIT_CONVERSION = YES;
				GCC_WARN_ABOUT_RETURN_TYPE = YES_ERROR;
				GCC_WARN_UNDECLARED_SELECTOR = YES;
				GCC_WARN_UNINITIALIZED_AUTOS = YES_AGGRESSIVE;
				GCC_WARN_UNUSED_FUNCTION = YES;
				GCC_WARN_UNUSED_VARIABLE = YES;
				IPHONEOS_DEPLOYMENT_TARGET = 11.0;
				MTL_ENABLE_DEBUG_INFO = NO;
				SDKROOT = iphoneos;
				SWIFT_OPTIMIZATION_LEVEL = "-Owholemodule";
				VALIDATE_PRODUCT = YES;
			};
			name = Release;
		};
		3002A7531FC5A41700E8D4AF /* Debug */ = {
			isa = XCBuildConfiguration;
			buildSettings = {
				ASSETCATALOG_COMPILER_APPICON_NAME = AppIcon;
				CODE_SIGN_STYLE = Automatic;
				DEVELOPMENT_TEAM = 5796Z84ZBE;
				INFOPLIST_FILE = "CI Demo/Info.plist";
				LD_RUNPATH_SEARCH_PATHS = "$(inherited) @executable_path/Frameworks";
				PRODUCT_BUNDLE_IDENTIFIER = "com.ucreate.it.CI-Demo";
				PRODUCT_NAME = "$(TARGET_NAME)";
				SWIFT_VERSION = 4.0;
				TARGETED_DEVICE_FAMILY = "1,2";
			};
			name = Debug;
		};
		3002A7541FC5A41700E8D4AF /* Release */ = {
			isa = XCBuildConfiguration;
			buildSettings = {
				ASSETCATALOG_COMPILER_APPICON_NAME = AppIcon;
				CODE_SIGN_STYLE = Automatic;
				DEVELOPMENT_TEAM = 5796Z84ZBE;
				INFOPLIST_FILE = "CI Demo/Info.plist";
				LD_RUNPATH_SEARCH_PATHS = "$(inherited) @executable_path/Frameworks";
				PRODUCT_BUNDLE_IDENTIFIER = "com.ucreate.it.CI-Demo";
				PRODUCT_NAME = "$(TARGET_NAME)";
				SWIFT_VERSION = 4.0;
				TARGETED_DEVICE_FAMILY = "1,2";
			};
			name = Release;
		};
		3002A7561FC5A41700E8D4AF /* Debug */ = {
			isa = XCBuildConfiguration;
			buildSettings = {
				ALWAYS_EMBED_SWIFT_STANDARD_LIBRARIES = YES;
				BUNDLE_LOADER = "$(TEST_HOST)";
				CODE_SIGN_STYLE = Automatic;
				DEVELOPMENT_TEAM = 5796Z84ZBE;
				INFOPLIST_FILE = "CI DemoTests/Info.plist";
				LD_RUNPATH_SEARCH_PATHS = "$(inherited) @executable_path/Frameworks @loader_path/Frameworks";
				PRODUCT_BUNDLE_IDENTIFIER = "com.ucreate.it.CI-DemoTests";
				PRODUCT_NAME = "$(TARGET_NAME)";
				SWIFT_VERSION = 4.0;
				TARGETED_DEVICE_FAMILY = "1,2";
				TEST_HOST = "$(BUILT_PRODUCTS_DIR)/CI Demo.app/CI Demo";
			};
			name = Debug;
		};
		3002A7571FC5A41700E8D4AF /* Release */ = {
			isa = XCBuildConfiguration;
			buildSettings = {
				ALWAYS_EMBED_SWIFT_STANDARD_LIBRARIES = YES;
				BUNDLE_LOADER = "$(TEST_HOST)";
				CODE_SIGN_STYLE = Automatic;
				DEVELOPMENT_TEAM = 5796Z84ZBE;
				INFOPLIST_FILE = "CI DemoTests/Info.plist";
				LD_RUNPATH_SEARCH_PATHS = "$(inherited) @executable_path/Frameworks @loader_path/Frameworks";
				PRODUCT_BUNDLE_IDENTIFIER = "com.ucreate.it.CI-DemoTests";
				PRODUCT_NAME = "$(TARGET_NAME)";
				SWIFT_VERSION = 4.0;
				TARGETED_DEVICE_FAMILY = "1,2";
				TEST_HOST = "$(BUILT_PRODUCTS_DIR)/CI Demo.app/CI Demo";
			};
			name = Release;
		};
		3002A7591FC5A41700E8D4AF /* Debug */ = {
			isa = XCBuildConfiguration;
			buildSettings = {
				ALWAYS_EMBED_SWIFT_STANDARD_LIBRARIES = YES;
				CODE_SIGN_STYLE = Automatic;
				DEVELOPMENT_TEAM = 5796Z84ZBE;
				INFOPLIST_FILE = "CI DemoUITests/Info.plist";
				LD_RUNPATH_SEARCH_PATHS = "$(inherited) @executable_path/Frameworks @loader_path/Frameworks";
				PRODUCT_BUNDLE_IDENTIFIER = "com.ucreate.it.CI-DemoUITests";
				PRODUCT_NAME = "$(TARGET_NAME)";
				SWIFT_VERSION = 4.0;
				TARGETED_DEVICE_FAMILY = "1,2";
				TEST_TARGET_NAME = "CI Demo";
			};
			name = Debug;
		};
		3002A75A1FC5A41700E8D4AF /* Release */ = {
			isa = XCBuildConfiguration;
			buildSettings = {
				ALWAYS_EMBED_SWIFT_STANDARD_LIBRARIES = YES;
				CODE_SIGN_STYLE = Automatic;
				DEVELOPMENT_TEAM = 5796Z84ZBE;
				INFOPLIST_FILE = "CI DemoUITests/Info.plist";
				LD_RUNPATH_SEARCH_PATHS = "$(inherited) @executable_path/Frameworks @loader_path/Frameworks";
				PRODUCT_BUNDLE_IDENTIFIER = "com.ucreate.it.CI-DemoUITests";
				PRODUCT_NAME = "$(TARGET_NAME)";
				SWIFT_VERSION = 4.0;
				TARGETED_DEVICE_FAMILY = "1,2";
				TEST_TARGET_NAME = "CI Demo";
			};
			name = Release;
		};
/* End XCBuildConfiguration section */

/* Begin XCConfigurationList section */
		3002A7251FC5A41700E8D4AF /* Build configuration list for PBXProject "CI Demo" */ = {
			isa = XCConfigurationList;
			buildConfigurations = (
				3002A7501FC5A41700E8D4AF /* Debug */,
				3002A7511FC5A41700E8D4AF /* Release */,
			);
			defaultConfigurationIsVisible = 0;
			defaultConfigurationName = Release;
		};
		3002A7521FC5A41700E8D4AF /* Build configuration list for PBXNativeTarget "CI Demo" */ = {
			isa = XCConfigurationList;
			buildConfigurations = (
				3002A7531FC5A41700E8D4AF /* Debug */,
				3002A7541FC5A41700E8D4AF /* Release */,
			);
			defaultConfigurationIsVisible = 0;
			defaultConfigurationName = Release;
		};
		3002A7551FC5A41700E8D4AF /* Build configuration list for PBXNativeTarget "CI DemoTests" */ = {
			isa = XCConfigurationList;
			buildConfigurations = (
				3002A7561FC5A41700E8D4AF /* Debug */,
				3002A7571FC5A41700E8D4AF /* Release */,
			);
			defaultConfigurationIsVisible = 0;
			defaultConfigurationName = Release;
		};
		3002A7581FC5A41700E8D4AF /* Build configuration list for PBXNativeTarget "CI DemoUITests" */ = {
			isa = XCConfigurationList;
			buildConfigurations = (
				3002A7591FC5A41700E8D4AF /* Debug */,
				3002A75A1FC5A41700E8D4AF /* Release */,
			);
			defaultConfigurationIsVisible = 0;
			defaultConfigurationName = Release;
		};
/* End XCConfigurationList section */
	};
	rootObject = 3002A7221FC5A41700E8D4AF /* Project object */;
}
